
Microsoft Visual Studio Solution File, Format Version 12.00
# Visual Studio 15
VisualStudioVersion = 15.0.28307.489
MinimumVisualStudioVersion = 10.0.40219.1
Project("{FAE04EC0-301F-11D3-BF4B-00C04F79EFBC}") = "ReleaseManagement.Web", "ReleaseManagement\ReleaseManagement.Web.csproj", "{1A11AE30-4C7A-4B2A-8C51-36D575FB68FD}"
EndProject
Project("{FAE04EC0-301F-11D3-BF4B-00C04F79EFBC}") = "ReleaseManagement.Core", "ReleaseManagement.Core\ReleaseManagement.Core.csproj", "{62877A00-37D0-4592-B29C-18AE1DE0FAB6}"
EndProject
Project("{FAE04EC0-301F-11D3-BF4B-00C04F79EFBC}") = "ReleaseManagement.Data", "ReleaseManagement.Data\ReleaseManagement.Data.csproj", "{AC61B089-8C31-4D6C-86FB-06A149826F6E}"
EndProject
Global
	GlobalSection(SolutionConfigurationPlatforms) = preSolution
		Debug|Any CPU = Debug|Any CPU
		Release|Any CPU = Release|Any CPU
	EndGlobalSection
	GlobalSection(ProjectConfigurationPlatforms) = postSolution
		{1A11AE30-4C7A-4B2A-8C51-36D575FB68FD}.Debug|Any CPU.ActiveCfg = Debug|Any CPU
		{1A11AE30-4C7A-4B2A-8C51-36D575FB68FD}.Debug|Any CPU.Build.0 = Debug|Any CPU
		{1A11AE30-4C7A-4B2A-8C51-36D575FB68FD}.Release|Any CPU.ActiveCfg = Release|Any CPU
		{1A11AE30-4C7A-4B2A-8C51-36D575FB68FD}.Release|Any CPU.Build.0 = Release|Any CPU
		{62877A00-37D0-4592-B29C-18AE1DE0FAB6}.Debug|Any CPU.ActiveCfg = Debug|Any CPU
		{62877A00-37D0-4592-B29C-18AE1DE0FAB6}.Debug|Any CPU.Build.0 = Debug|Any CPU
		{62877A00-37D0-4592-B29C-18AE1DE0FAB6}.Release|Any CPU.ActiveCfg = Release|Any CPU
		{62877A00-37D0-4592-B29C-18AE1DE0FAB6}.Release|Any CPU.Build.0 = Release|Any CPU
		{AC61B089-8C31-4D6C-86FB-06A149826F6E}.Debug|Any CPU.ActiveCfg = Debug|Any CPU
		{AC61B089-8C31-4D6C-86FB-06A149826F6E}.Debug|Any CPU.Build.0 = Debug|Any CPU
		{AC61B089-8C31-4D6C-86FB-06A149826F6E}.Release|Any CPU.ActiveCfg = Release|Any CPU
		{AC61B089-8C31-4D6C-86FB-06A149826F6E}.Release|Any CPU.Build.0 = Release|Any CPU
	EndGlobalSection
	GlobalSection(SolutionProperties) = preSolution
		HideSolutionNode = FALSE
	EndGlobalSection
	GlobalSection(ExtensibilityGlobals) = postSolution
		SolutionGuid = {8B1568EE-4B66-47F0-9FBD-E90D3B6A8C38}
	EndGlobalSection
EndGlobal
